{
  "name": "fan-insights-lite",
  "version": "0.1.0",
  "lockfileVersion": 3,
  "requires": true,
  "packages": {
    "": {
      "name": "fan-insights-lite",
      "version": "0.1.0",
      "workspaces": [
        "api",
        "web"
      ],
      "engines": {
        "node": ">=22"
      }
    },
    "api": {
      "name": "@fan-insights/api",
      "version": "0.1.0"
    },
    "node_modules/@fan-insights/api": {
      "resolved": "api",
      "link": true
    },
    "node_modules/@fan-insights/web": {
      "resolved": "web",
      "link": true
    },
    "web": {
      "name": "@fan-insights/web",
      "version": "0.1.0"
    }
  }
}
